
Microsoft Visual Studio Solution File, Format Version 12.00
# Visual Studio Version 17
VisualStudioVersion = 17.9.34622.214
MinimumVisualStudioVersion = 10.0.40219.1
Project("{9A19103F-16F7-4668-BE54-9A1E7A4F7556}") = "ecommerce.Domain", "src\ecommerce.Domain\ecommerce.Domain.csproj", "{554AD327-6DBA-4F8F-96F8-81CE7A0C863F}"
EndProject
Project("{9A19103F-16F7-4668-BE54-9A1E7A4F7556}") = "ecommerce.EntityFrameworkCore", "src\ecommerce.EntityFrameworkCore\ecommerce.EntityFrameworkCore.csproj", "{C956DD76-69C8-4A9C-83EA-D17DF83340FD}"
EndProject
Project("{2150E333-8FDC-42A3-9474-1A3956D46DE8}") = "src", "src", "{CA9AC87F-097E-4F15-8393-4BC07735A5B0}"
EndProject
Project("{2150E333-8FDC-42A3-9474-1A3956D46DE8}") = "test", "test", "{04DBDB01-70F4-4E06-B468-8F87850B22BE}"
EndProject
Project("{9A19103F-16F7-4668-BE54-9A1E7A4F7556}") = "ecommerce.Domain.Shared", "src\ecommerce.Domain.Shared\ecommerce.Domain.Shared.csproj", "{42F719ED-8413-4895-B5B4-5AB56079BC66}"
EndProject
Project("{9A19103F-16F7-4668-BE54-9A1E7A4F7556}") = "ecommerce.AuthServer", "src\ecommerce.AuthServer\ecommerce.AuthServer.csproj", "{073C361E-B8F4-49F5-93CC-72A3FF49C026}"
EndProject
Project("{9A19103F-16F7-4668-BE54-9A1E7A4F7556}") = "ecommerce.EntityFrameworkCore.Tests", "test\ecommerce.EntityFrameworkCore.Tests\ecommerce.EntityFrameworkCore.Tests.csproj", "{1FE30EB9-74A9-47F5-A9F6-7B1FAB672D81}"
EndProject
Project("{9A19103F-16F7-4668-BE54-9A1E7A4F7556}") = "ecommerce.TestBase", "test\ecommerce.TestBase\ecommerce.TestBase.csproj", "{91853F21-9CD9-4132-BC29-A7D5D84FFFE7}"
EndProject
Project("{9A19103F-16F7-4668-BE54-9A1E7A4F7556}") = "ecommerce.DbMigrator", "src\ecommerce.DbMigrator\ecommerce.DbMigrator.csproj", "{AA94D832-1CCC-4715-95A9-A483F23A1A5D}"
EndProject
Project("{2150E333-8FDC-42A3-9474-1A3956D46DE8}") = "auth", "auth", "{49F9210D-58C5-4752-9411-FAD1125E8F72}"
EndProject
Project("{2150E333-8FDC-42A3-9474-1A3956D46DE8}") = "public", "public", "{B2B700E8-57A8-4EF6-AB32-5A8CB0AEF097}"
EndProject
Project("{2150E333-8FDC-42A3-9474-1A3956D46DE8}") = "admin", "admin", "{9CF04970-0ACF-449E-A657-E15AD15DB1D9}"
EndProject
Project("{2150E333-8FDC-42A3-9474-1A3956D46DE8}") = "common", "common", "{6736DCEE-6F00-432A-80FB-9AEA9D9FC50A}"
EndProject
Project("{2150E333-8FDC-42A3-9474-1A3956D46DE8}") = "domain", "domain", "{28DB6E0B-47AB-4FF1-850A-2CDA16A7456F}"
EndProject
Project("{2150E333-8FDC-42A3-9474-1A3956D46DE8}") = "infrastructure", "infrastructure", "{CFD399D5-61AC-47C5-B009-C0D124E8FCF4}"
EndProject
Project("{9A19103F-16F7-4668-BE54-9A1E7A4F7556}") = "ecommerce.Admin.Application", "src\ecommerce.Admin.Application\ecommerce.Admin.Application.csproj", "{E91C094F-13FE-48D5-BFE9-C87A6B8745F1}"
EndProject
Project("{9A19103F-16F7-4668-BE54-9A1E7A4F7556}") = "ecommerce.Admin.Application.Contracts", "src\ecommerce.Admin.Application.Contracts\ecommerce.Admin.Application.Contracts.csproj", "{E2DFB03B-4E46-498B-ADFA-700C62F18613}"
EndProject
Project("{9A19103F-16F7-4668-BE54-9A1E7A4F7556}") = "ecommerce.Admin.HttpApi", "src\ecommerce.Admin.HttpApi\ecommerce.Admin.HttpApi.csproj", "{6A197BE8-C766-4361-81DE-D0A210742CF5}"
EndProject
Project("{9A19103F-16F7-4668-BE54-9A1E7A4F7556}") = "ecommerce.Admin.HttpApi.Client", "src\ecommerce.Admin.HttpApi.Client\ecommerce.Admin.HttpApi.Client.csproj", "{A8310965-34C2-4DEC-8272-4DD7A26F0F42}"
EndProject
Project("{2150E333-8FDC-42A3-9474-1A3956D46DE8}") = "public", "public", "{CD0740A4-0EAC-42B7-8A12-C7386FEF9665}"
EndProject
Project("{2150E333-8FDC-42A3-9474-1A3956D46DE8}") = "admin", "admin", "{83C72F38-8118-49A2-B9BF-830570677610}"
EndProject
Project("{9A19103F-16F7-4668-BE54-9A1E7A4F7556}") = "ecommerce.Admin.Application.Tests", "test\ecommerce.Admin.Application.Tests\ecommerce.Admin.Application.Tests.csproj", "{F3BABC90-9084-44FD-8761-F8657D7D96DB}"
EndProject
Project("{9A19103F-16F7-4668-BE54-9A1E7A4F7556}") = "ecommerce.Admin.HttpApi.Client.ConsoleTestApp", "test\ecommerce.Admin.HttpApi.Client.ConsoleTestApp\ecommerce.Admin.HttpApi.Client.ConsoleTestApp.csproj", "{DCD43FD4-31FA-4A0D-9017-F0AECC7F1B39}"
EndProject
Project("{2150E333-8FDC-42A3-9474-1A3956D46DE8}") = "shared", "shared", "{BE7C4409-FEE8-4CEF-9602-67AD8B0C7E09}"
EndProject
Project("{9A19103F-16F7-4668-BE54-9A1E7A4F7556}") = "ecommerce.Admin.HttpApi.Host", "src\ecommerce.Admin.HttpApi.Host\ecommerce.Admin.HttpApi.Host.csproj", "{D3713F26-E3BD-4D0C-87FC-E2F67F07ED6D}"
EndProject
Project("{9A19103F-16F7-4668-BE54-9A1E7A4F7556}") = "Ecomerce.Public.Application.Tests", "test\Ecomerce.Public.Application.Tests\Ecomerce.Public.Application.Tests.csproj", "{71DAF066-BC9C-4698-ACD0-A29F4C7114D8}"
EndProject
Project("{9A19103F-16F7-4668-BE54-9A1E7A4F7556}") = "Ecomerce.Public.HttpApi.Client.ConsoleTestApp", "test\Ecomerce.Public.HttpApi.Client.ConsoleTestApp\Ecomerce.Public.HttpApi.Client.ConsoleTestApp.csproj", "{9A0DD689-6499-4B3D-886C-88E731D4C524}"
EndProject
Project("{9A19103F-16F7-4668-BE54-9A1E7A4F7556}") = "Ecomerce.Public.Application", "src\Ecomerce.Public.Application\Ecomerce.Public.Application.csproj", "{3D3EAA90-27EB-4A41-AB43-D8BA496A0AEB}"
EndProject
Project("{9A19103F-16F7-4668-BE54-9A1E7A4F7556}") = "Ecomerce.Public.Application.Contracts", "src\Ecomerce.Public.Application.Contracts\Ecomerce.Public.Application.Contracts.csproj", "{E048AD7D-224D-4908-A62F-6F2A0D373F5B}"
EndProject
Project("{9A19103F-16F7-4668-BE54-9A1E7A4F7556}") = "Ecomerce.Public.HttpApi", "src\Ecomerce.Public.HttpApi\Ecomerce.Public.HttpApi.csproj", "{6C020E3D-5DBD-4A82-8E48-C65C7B985EF8}"
EndProject
Project("{9A19103F-16F7-4668-BE54-9A1E7A4F7556}") = "Ecomerce.Public.HttpApi.Client", "src\Ecomerce.Public.HttpApi.Client\Ecomerce.Public.HttpApi.Client.csproj", "{52DCBE1A-237B-4A0D-A322-F335CF174AA5}"
EndProject
Project("{9A19103F-16F7-4668-BE54-9A1E7A4F7556}") = "Ecomerce.Public.Web", "src\Ecomerce.Public.Web\Ecomerce.Public.Web.csproj", "{6A309D3F-3A62-4BB5-BBFC-6E1A0D06F8B3}"
EndProject
Project("{9A19103F-16F7-4668-BE54-9A1E7A4F7556}") = "ecommerce.Domain.Tests", "test\ecommerce.Domain.Tests\ecommerce.Domain.Tests.csproj", "{2E314B9A-17D2-466D-BB94-AB0E83B3EA30}"
EndProject
Global
	GlobalSection(SolutionConfigurationPlatforms) = preSolution
		Debug|Any CPU = Debug|Any CPU
		Release|Any CPU = Release|Any CPU
	EndGlobalSection
	GlobalSection(ProjectConfigurationPlatforms) = postSolution
		{554AD327-6DBA-4F8F-96F8-81CE7A0C863F}.Debug|Any CPU.ActiveCfg = Debug|Any CPU
		{554AD327-6DBA-4F8F-96F8-81CE7A0C863F}.Debug|Any CPU.Build.0 = Debug|Any CPU
		{554AD327-6DBA-4F8F-96F8-81CE7A0C863F}.Release|Any CPU.ActiveCfg = Release|Any CPU
		{554AD327-6DBA-4F8F-96F8-81CE7A0C863F}.Release|Any CPU.Build.0 = Release|Any CPU
		{C956DD76-69C8-4A9C-83EA-D17DF83340FD}.Debug|Any CPU.ActiveCfg = Debug|Any CPU
		{C956DD76-69C8-4A9C-83EA-D17DF83340FD}.Debug|Any CPU.Build.0 = Debug|Any CPU
		{C956DD76-69C8-4A9C-83EA-D17DF83340FD}.Release|Any CPU.ActiveCfg = Release|Any CPU
		{C956DD76-69C8-4A9C-83EA-D17DF83340FD}.Release|Any CPU.Build.0 = Release|Any CPU
		{42F719ED-8413-4895-B5B4-5AB56079BC66}.Debug|Any CPU.ActiveCfg = Debug|Any CPU
		{42F719ED-8413-4895-B5B4-5AB56079BC66}.Debug|Any CPU.Build.0 = Debug|Any CPU
		{42F719ED-8413-4895-B5B4-5AB56079BC66}.Release|Any CPU.ActiveCfg = Release|Any CPU
		{42F719ED-8413-4895-B5B4-5AB56079BC66}.Release|Any CPU.Build.0 = Release|Any CPU
		{073C361E-B8F4-49F5-93CC-72A3FF49C026}.Debug|Any CPU.ActiveCfg = Debug|Any CPU
		{073C361E-B8F4-49F5-93CC-72A3FF49C026}.Debug|Any CPU.Build.0 = Debug|Any CPU
		{073C361E-B8F4-49F5-93CC-72A3FF49C026}.Release|Any CPU.ActiveCfg = Release|Any CPU
		{073C361E-B8F4-49F5-93CC-72A3FF49C026}.Release|Any CPU.Build.0 = Release|Any CPU
		{1FE30EB9-74A9-47F5-A9F6-7B1FAB672D81}.Debug|Any CPU.ActiveCfg = Debug|Any CPU
		{1FE30EB9-74A9-47F5-A9F6-7B1FAB672D81}.Debug|Any CPU.Build.0 = Debug|Any CPU
		{1FE30EB9-74A9-47F5-A9F6-7B1FAB672D81}.Release|Any CPU.ActiveCfg = Release|Any CPU
		{1FE30EB9-74A9-47F5-A9F6-7B1FAB672D81}.Release|Any CPU.Build.0 = Release|Any CPU
		{91853F21-9CD9-4132-BC29-A7D5D84FFFE7}.Debug|Any CPU.ActiveCfg = Debug|Any CPU
		{91853F21-9CD9-4132-BC29-A7D5D84FFFE7}.Debug|Any CPU.Build.0 = Debug|Any CPU
		{91853F21-9CD9-4132-BC29-A7D5D84FFFE7}.Release|Any CPU.ActiveCfg = Release|Any CPU
		{91853F21-9CD9-4132-BC29-A7D5D84FFFE7}.Release|Any CPU.Build.0 = Release|Any CPU
		{AA94D832-1CCC-4715-95A9-A483F23A1A5D}.Debug|Any CPU.ActiveCfg = Debug|Any CPU
		{AA94D832-1CCC-4715-95A9-A483F23A1A5D}.Debug|Any CPU.Build.0 = Debug|Any CPU
		{AA94D832-1CCC-4715-95A9-A483F23A1A5D}.Release|Any CPU.ActiveCfg = Release|Any CPU
		{AA94D832-1CCC-4715-95A9-A483F23A1A5D}.Release|Any CPU.Build.0 = Release|Any CPU
		{E91C094F-13FE-48D5-BFE9-C87A6B8745F1}.Debug|Any CPU.ActiveCfg = Debug|Any CPU
		{E91C094F-13FE-48D5-BFE9-C87A6B8745F1}.Debug|Any CPU.Build.0 = Debug|Any CPU
		{E91C094F-13FE-48D5-BFE9-C87A6B8745F1}.Release|Any CPU.ActiveCfg = Release|Any CPU
		{E91C094F-13FE-48D5-BFE9-C87A6B8745F1}.Release|Any CPU.Build.0 = Release|Any CPU
		{E2DFB03B-4E46-498B-ADFA-700C62F18613}.Debug|Any CPU.ActiveCfg = Debug|Any CPU
		{E2DFB03B-4E46-498B-ADFA-700C62F18613}.Debug|Any CPU.Build.0 = Debug|Any CPU
		{E2DFB03B-4E46-498B-ADFA-700C62F18613}.Release|Any CPU.ActiveCfg = Release|Any CPU
		{E2DFB03B-4E46-498B-ADFA-700C62F18613}.Release|Any CPU.Build.0 = Release|Any CPU
		{6A197BE8-C766-4361-81DE-D0A210742CF5}.Debug|Any CPU.ActiveCfg = Debug|Any CPU
		{6A197BE8-C766-4361-81DE-D0A210742CF5}.Debug|Any CPU.Build.0 = Debug|Any CPU
		{6A197BE8-C766-4361-81DE-D0A210742CF5}.Release|Any CPU.ActiveCfg = Release|Any CPU
		{6A197BE8-C766-4361-81DE-D0A210742CF5}.Release|Any CPU.Build.0 = Release|Any CPU
		{A8310965-34C2-4DEC-8272-4DD7A26F0F42}.Debug|Any CPU.ActiveCfg = Debug|Any CPU
		{A8310965-34C2-4DEC-8272-4DD7A26F0F42}.Debug|Any CPU.Build.0 = Debug|Any CPU
		{A8310965-34C2-4DEC-8272-4DD7A26F0F42}.Release|Any CPU.ActiveCfg = Release|Any CPU
		{A8310965-34C2-4DEC-8272-4DD7A26F0F42}.Release|Any CPU.Build.0 = Release|Any CPU
		{F3BABC90-9084-44FD-8761-F8657D7D96DB}.Debug|Any CPU.ActiveCfg = Debug|Any CPU
		{F3BABC90-9084-44FD-8761-F8657D7D96DB}.Debug|Any CPU.Build.0 = Debug|Any CPU
		{F3BABC90-9084-44FD-8761-F8657D7D96DB}.Release|Any CPU.ActiveCfg = Release|Any CPU
		{F3BABC90-9084-44FD-8761-F8657D7D96DB}.Release|Any CPU.Build.0 = Release|Any CPU
		{DCD43FD4-31FA-4A0D-9017-F0AECC7F1B39}.Debug|Any CPU.ActiveCfg = Debug|Any CPU
		{DCD43FD4-31FA-4A0D-9017-F0AECC7F1B39}.Debug|Any CPU.Build.0 = Debug|Any CPU
		{DCD43FD4-31FA-4A0D-9017-F0AECC7F1B39}.Release|Any CPU.ActiveCfg = Release|Any CPU
		{DCD43FD4-31FA-4A0D-9017-F0AECC7F1B39}.Release|Any CPU.Build.0 = Release|Any CPU
		{D3713F26-E3BD-4D0C-87FC-E2F67F07ED6D}.Debug|Any CPU.ActiveCfg = Debug|Any CPU
		{D3713F26-E3BD-4D0C-87FC-E2F67F07ED6D}.Debug|Any CPU.Build.0 = Debug|Any CPU
		{D3713F26-E3BD-4D0C-87FC-E2F67F07ED6D}.Release|Any CPU.ActiveCfg = Release|Any CPU
		{D3713F26-E3BD-4D0C-87FC-E2F67F07ED6D}.Release|Any CPU.Build.0 = Release|Any CPU
		{71DAF066-BC9C-4698-ACD0-A29F4C7114D8}.Debug|Any CPU.ActiveCfg = Debug|Any CPU
		{71DAF066-BC9C-4698-ACD0-A29F4C7114D8}.Debug|Any CPU.Build.0 = Debug|Any CPU
		{71DAF066-BC9C-4698-ACD0-A29F4C7114D8}.Release|Any CPU.ActiveCfg = Release|Any CPU
		{71DAF066-BC9C-4698-ACD0-A29F4C7114D8}.Release|Any CPU.Build.0 = Release|Any CPU
		{9A0DD689-6499-4B3D-886C-88E731D4C524}.Debug|Any CPU.ActiveCfg = Debug|Any CPU
		{9A0DD689-6499-4B3D-886C-88E731D4C524}.Debug|Any CPU.Build.0 = Debug|Any CPU
		{9A0DD689-6499-4B3D-886C-88E731D4C524}.Release|Any CPU.ActiveCfg = Release|Any CPU
		{9A0DD689-6499-4B3D-886C-88E731D4C524}.Release|Any CPU.Build.0 = Release|Any CPU
		{3D3EAA90-27EB-4A41-AB43-D8BA496A0AEB}.Debug|Any CPU.ActiveCfg = Debug|Any CPU
		{3D3EAA90-27EB-4A41-AB43-D8BA496A0AEB}.Debug|Any CPU.Build.0 = Debug|Any CPU
		{3D3EAA90-27EB-4A41-AB43-D8BA496A0AEB}.Release|Any CPU.ActiveCfg = Release|Any CPU
		{3D3EAA90-27EB-4A41-AB43-D8BA496A0AEB}.Release|Any CPU.Build.0 = Release|Any CPU
		{E048AD7D-224D-4908-A62F-6F2A0D373F5B}.Debug|Any CPU.ActiveCfg = Debug|Any CPU
		{E048AD7D-224D-4908-A62F-6F2A0D373F5B}.Debug|Any CPU.Build.0 = Debug|Any CPU
		{E048AD7D-224D-4908-A62F-6F2A0D373F5B}.Release|Any CPU.ActiveCfg = Release|Any CPU
		{E048AD7D-224D-4908-A62F-6F2A0D373F5B}.Release|Any CPU.Build.0 = Release|Any CPU
		{6C020E3D-5DBD-4A82-8E48-C65C7B985EF8}.Debug|Any CPU.ActiveCfg = Debug|Any CPU
		{6C020E3D-5DBD-4A82-8E48-C65C7B985EF8}.Debug|Any CPU.Build.0 = Debug|Any CPU
		{6C020E3D-5DBD-4A82-8E48-C65C7B985EF8}.Release|Any CPU.ActiveCfg = Release|Any CPU
		{6C020E3D-5DBD-4A82-8E48-C65C7B985EF8}.Release|Any CPU.Build.0 = Release|Any CPU
		{52DCBE1A-237B-4A0D-A322-F335CF174AA5}.Debug|Any CPU.ActiveCfg = Debug|Any CPU
		{52DCBE1A-237B-4A0D-A322-F335CF174AA5}.Debug|Any CPU.Build.0 = Debug|Any CPU
		{52DCBE1A-237B-4A0D-A322-F335CF174AA5}.Release|Any CPU.ActiveCfg = Release|Any CPU
		{52DCBE1A-237B-4A0D-A322-F335CF174AA5}.Release|Any CPU.Build.0 = Release|Any CPU
		{6A309D3F-3A62-4BB5-BBFC-6E1A0D06F8B3}.Debug|Any CPU.ActiveCfg = Debug|Any CPU
		{6A309D3F-3A62-4BB5-BBFC-6E1A0D06F8B3}.Debug|Any CPU.Build.0 = Debug|Any CPU
		{6A309D3F-3A62-4BB5-BBFC-6E1A0D06F8B3}.Release|Any CPU.ActiveCfg = Release|Any CPU
		{6A309D3F-3A62-4BB5-BBFC-6E1A0D06F8B3}.Release|Any CPU.Build.0 = Release|Any CPU
		{2E314B9A-17D2-466D-BB94-AB0E83B3EA30}.Debug|Any CPU.ActiveCfg = Debug|Any CPU
		{2E314B9A-17D2-466D-BB94-AB0E83B3EA30}.Debug|Any CPU.Build.0 = Debug|Any CPU
		{2E314B9A-17D2-466D-BB94-AB0E83B3EA30}.Release|Any CPU.ActiveCfg = Release|Any CPU
		{2E314B9A-17D2-466D-BB94-AB0E83B3EA30}.Release|Any CPU.Build.0 = Release|Any CPU
	EndGlobalSection
	GlobalSection(SolutionProperties) = preSolution
		HideSolutionNode = FALSE
	EndGlobalSection
	GlobalSection(NestedProjects) = preSolution
		{554AD327-6DBA-4F8F-96F8-81CE7A0C863F} = {28DB6E0B-47AB-4FF1-850A-2CDA16A7456F}
		{C956DD76-69C8-4A9C-83EA-D17DF83340FD} = {CFD399D5-61AC-47C5-B009-C0D124E8FCF4}
		{42F719ED-8413-4895-B5B4-5AB56079BC66} = {28DB6E0B-47AB-4FF1-850A-2CDA16A7456F}
		{073C361E-B8F4-49F5-93CC-72A3FF49C026} = {49F9210D-58C5-4752-9411-FAD1125E8F72}
		{1FE30EB9-74A9-47F5-A9F6-7B1FAB672D81} = {BE7C4409-FEE8-4CEF-9602-67AD8B0C7E09}
		{91853F21-9CD9-4132-BC29-A7D5D84FFFE7} = {BE7C4409-FEE8-4CEF-9602-67AD8B0C7E09}
		{AA94D832-1CCC-4715-95A9-A483F23A1A5D} = {CFD399D5-61AC-47C5-B009-C0D124E8FCF4}
		{49F9210D-58C5-4752-9411-FAD1125E8F72} = {CA9AC87F-097E-4F15-8393-4BC07735A5B0}
		{B2B700E8-57A8-4EF6-AB32-5A8CB0AEF097} = {CA9AC87F-097E-4F15-8393-4BC07735A5B0}
		{9CF04970-0ACF-449E-A657-E15AD15DB1D9} = {CA9AC87F-097E-4F15-8393-4BC07735A5B0}
		{6736DCEE-6F00-432A-80FB-9AEA9D9FC50A} = {CA9AC87F-097E-4F15-8393-4BC07735A5B0}
		{28DB6E0B-47AB-4FF1-850A-2CDA16A7456F} = {6736DCEE-6F00-432A-80FB-9AEA9D9FC50A}
		{CFD399D5-61AC-47C5-B009-C0D124E8FCF4} = {6736DCEE-6F00-432A-80FB-9AEA9D9FC50A}
		{E91C094F-13FE-48D5-BFE9-C87A6B8745F1} = {9CF04970-0ACF-449E-A657-E15AD15DB1D9}
		{E2DFB03B-4E46-498B-ADFA-700C62F18613} = {9CF04970-0ACF-449E-A657-E15AD15DB1D9}
		{6A197BE8-C766-4361-81DE-D0A210742CF5} = {9CF04970-0ACF-449E-A657-E15AD15DB1D9}
		{A8310965-34C2-4DEC-8272-4DD7A26F0F42} = {9CF04970-0ACF-449E-A657-E15AD15DB1D9}
		{CD0740A4-0EAC-42B7-8A12-C7386FEF9665} = {04DBDB01-70F4-4E06-B468-8F87850B22BE}
		{83C72F38-8118-49A2-B9BF-830570677610} = {04DBDB01-70F4-4E06-B468-8F87850B22BE}
		{F3BABC90-9084-44FD-8761-F8657D7D96DB} = {83C72F38-8118-49A2-B9BF-830570677610}
		{DCD43FD4-31FA-4A0D-9017-F0AECC7F1B39} = {83C72F38-8118-49A2-B9BF-830570677610}
		{BE7C4409-FEE8-4CEF-9602-67AD8B0C7E09} = {04DBDB01-70F4-4E06-B468-8F87850B22BE}
		{D3713F26-E3BD-4D0C-87FC-E2F67F07ED6D} = {9CF04970-0ACF-449E-A657-E15AD15DB1D9}
		{71DAF066-BC9C-4698-ACD0-A29F4C7114D8} = {CD0740A4-0EAC-42B7-8A12-C7386FEF9665}
		{9A0DD689-6499-4B3D-886C-88E731D4C524} = {CD0740A4-0EAC-42B7-8A12-C7386FEF9665}
		{3D3EAA90-27EB-4A41-AB43-D8BA496A0AEB} = {B2B700E8-57A8-4EF6-AB32-5A8CB0AEF097}
		{E048AD7D-224D-4908-A62F-6F2A0D373F5B} = {B2B700E8-57A8-4EF6-AB32-5A8CB0AEF097}
		{6C020E3D-5DBD-4A82-8E48-C65C7B985EF8} = {B2B700E8-57A8-4EF6-AB32-5A8CB0AEF097}
		{52DCBE1A-237B-4A0D-A322-F335CF174AA5} = {B2B700E8-57A8-4EF6-AB32-5A8CB0AEF097}
		{6A309D3F-3A62-4BB5-BBFC-6E1A0D06F8B3} = {B2B700E8-57A8-4EF6-AB32-5A8CB0AEF097}
		{2E314B9A-17D2-466D-BB94-AB0E83B3EA30} = {BE7C4409-FEE8-4CEF-9602-67AD8B0C7E09}
	EndGlobalSection
	GlobalSection(ExtensibilityGlobals) = postSolution
		SolutionGuid = {28315BFD-90E7-4E14-A2EA-F3D23AF4126F}
	EndGlobalSection
EndGlobal
